
Microsoft Visual Studio Solution File, Format Version 12.00
# Visual Studio Version 17
VisualStudioVersion = 17.0.32014.148
MinimumVisualStudioVersion = 10.0.40219.1
Project("{FAE04EC0-301F-11D3-BF4B-00C04F79EFBC}") = "newmvcsample", "newmvcsample.csproj", "{10E9D0BB-0EEA-477E-9AA9-B156D58382DC}"
EndProject
Global
	GlobalSection(SolutionConfigurationPlatforms) = preSolution
		Debug|Any CPU = Debug|Any CPU
		Release|Any CPU = Release|Any CPU
	EndGlobalSection
	GlobalSection(ProjectConfigurationPlatforms) = postSolution
		{10E9D0BB-0EEA-477E-9AA9-B156D58382DC}.Debug|Any CPU.ActiveCfg = Debug|Any CPU
		{10E9D0BB-0EEA-477E-9AA9-B156D58382DC}.Debug|Any CPU.Build.0 = Debug|Any CPU
		{10E9D0BB-0EEA-477E-9AA9-B156D58382DC}.Release|Any CPU.ActiveCfg = Release|Any CPU
		{10E9D0BB-0EEA-477E-9AA9-B156D58382DC}.Release|Any CPU.Build.0 = Release|Any CPU
	EndGlobalSection
	GlobalSection(SolutionProperties) = preSolution
		HideSolutionNode = FALSE
	EndGlobalSection
	GlobalSection(ExtensibilityGlobals) = postSolution
		SolutionGuid = {C2537B79-519B-4516-990D-37AE2024245D}
	EndGlobalSection
EndGlobal
